# This file is automatically @generated by Cargo.
# It is not intended for manual editing.
[[package]]
name = "cfg-if"
version = "0.1.10"
source = "registry+https://github.com/rust-lang/crates.io-index"
checksum = "4785bdd1c96b2a846b2bd7cc02e86b6b3dbf14e7e53446c4f54c92a361040822"

[[package]]
name = "faster"
version = "0.5.1"
source = "registry+https://github.com/rust-lang/crates.io-index"
checksum = "f760b1ee067c7a07902aba0969968f2b02b3f313e41df1830612f4e3447397d3"
dependencies = [
 "packed_simd",
 "vektor",
]

[[package]]
name = "packed_simd"
version = "0.3.3"
source = "registry+https://github.com/rust-lang/crates.io-index"
checksum = "a85ea9fc0d4ac0deb6fe7911d38786b32fc11119afd9e9d38b84ff691ce64220"
dependencies = [
 "cfg-if",
]

[[package]]
name = "simd-demo"
version = "0.1.0"
dependencies = [
 "faster",
]

[[package]]
name = "vektor"
version = "0.2.1"
source = "registry+https://github.com/rust-lang/crates.io-index"
checksum = "42e86fbee9ad5d7dd720dbe6dd2e47c598d98632d707e18ed5186bd284e933da"
dependencies = [
 "packed_simd",
]
